
Microsoft Visual Studio Solution File, Format Version 12.00
# Visual Studio 15
VisualStudioVersion = 15.0.28307.1433
MinimumVisualStudioVersion = 10.0.40219.1
Project("{8BC9CEB8-8B4A-11D0-8D11-00A0C91BC942}") = "StateMachine", "StateMachine\StateMachine.vcxproj", "{476C79CB-1418-48A0-B814-6AADF1BE2C6D}"
EndProject
Global
	GlobalSection(SolutionConfigurationPlatforms) = preSolution
		Debug|x64 = Debug|x64
		Debug|x86 = Debug|x86
		Release|x64 = Release|x64
		Release|x86 = Release|x86
	EndGlobalSection
	GlobalSection(ProjectConfigurationPlatforms) = postSolution
		{476C79CB-1418-48A0-B814-6AADF1BE2C6D}.Debug|x64.ActiveCfg = Debug|x64
		{476C79CB-1418-48A0-B814-6AADF1BE2C6D}.Debug|x64.Build.0 = Debug|x64
		{476C79CB-1418-48A0-B814-6AADF1BE2C6D}.Debug|x86.ActiveCfg = Debug|Win32
		{476C79CB-1418-48A0-B814-6AADF1BE2C6D}.Debug|x86.Build.0 = Debug|Win32
		{476C79CB-1418-48A0-B814-6AADF1BE2C6D}.Release|x64.ActiveCfg = Release|x64
		{476C79CB-1418-48A0-B814-6AADF1BE2C6D}.Release|x64.Build.0 = Release|x64
		{476C79CB-1418-48A0-B814-6AADF1BE2C6D}.Release|x86.ActiveCfg = Release|Win32
		{476C79CB-1418-48A0-B814-6AADF1BE2C6D}.Release|x86.Build.0 = Release|Win32
	EndGlobalSection
	GlobalSection(SolutionProperties) = preSolution
		HideSolutionNode = FALSE
	EndGlobalSection
	GlobalSection(ExtensibilityGlobals) = postSolution
		SolutionGuid = {F15517E7-D47D-4350-9E6E-53509A8BE5C9}
	EndGlobalSection
EndGlobal
